
Microsoft Visual Studio Solution File, Format Version 12.00
# Visual Studio Version 16
VisualStudioVersion = 16.0.29509.3
MinimumVisualStudioVersion = 10.0.40219.1
Project("{9A19103F-16F7-4668-BE54-9A1E7A4F7556}") = "NutDavClient", "NutDavClient\NutDavClient.csproj", "{67D727C5-7446-409B-8788-15C7597C4D26}"
EndProject
Project("{FAE04EC0-301F-11D3-BF4B-00C04F79EFBC}") = "WindowsFormsApp", "WindowsFormsApp\WindowsFormsApp.csproj", "{2D3863C8-F290-4BBA-A7B6-DA32D7080CE2}"
EndProject
Global
	GlobalSection(SolutionConfigurationPlatforms) = preSolution
		Debug|Any CPU = Debug|Any CPU
		Release|Any CPU = Release|Any CPU
	EndGlobalSection
	GlobalSection(ProjectConfigurationPlatforms) = postSolution
		{67D727C5-7446-409B-8788-15C7597C4D26}.Debug|Any CPU.ActiveCfg = Debug|Any CPU
		{67D727C5-7446-409B-8788-15C7597C4D26}.Debug|Any CPU.Build.0 = Debug|Any CPU
		{67D727C5-7446-409B-8788-15C7597C4D26}.Release|Any CPU.ActiveCfg = Release|Any CPU
		{67D727C5-7446-409B-8788-15C7597C4D26}.Release|Any CPU.Build.0 = Release|Any CPU
		{2D3863C8-F290-4BBA-A7B6-DA32D7080CE2}.Debug|Any CPU.ActiveCfg = Debug|Any CPU
		{2D3863C8-F290-4BBA-A7B6-DA32D7080CE2}.Debug|Any CPU.Build.0 = Debug|Any CPU
		{2D3863C8-F290-4BBA-A7B6-DA32D7080CE2}.Release|Any CPU.ActiveCfg = Release|Any CPU
		{2D3863C8-F290-4BBA-A7B6-DA32D7080CE2}.Release|Any CPU.Build.0 = Release|Any CPU
	EndGlobalSection
	GlobalSection(SolutionProperties) = preSolution
		HideSolutionNode = FALSE
	EndGlobalSection
	GlobalSection(ExtensibilityGlobals) = postSolution
		SolutionGuid = {78B044D8-5A7D-4131-86CD-C0CAD56A0454}
	EndGlobalSection
EndGlobal
